
Microsoft Visual Studio Solution File, Format Version 12.00
# Visual Studio Version 17
VisualStudioVersion = 17.14.36623.8 d17.14
MinimumVisualStudioVersion = 10.0.40219.1
Project("{FAE04EC0-301F-11D3-BF4B-00C04F79EFBC}") = "ConsoleApp10", "ConsoleApp10\ConsoleApp10.csproj", "{A1C12DEF-383D-43C0-B43E-398101F2803C}"
EndProject
Global
	GlobalSection(SolutionConfigurationPlatforms) = preSolution
		Debug|Any CPU = Debug|Any CPU
		Release|Any CPU = Release|Any CPU
	EndGlobalSection
	GlobalSection(ProjectConfigurationPlatforms) = postSolution
		{A1C12DEF-383D-43C0-B43E-398101F2803C}.Debug|Any CPU.ActiveCfg = Debug|Any CPU
		{A1C12DEF-383D-43C0-B43E-398101F2803C}.Debug|Any CPU.Build.0 = Debug|Any CPU
		{A1C12DEF-383D-43C0-B43E-398101F2803C}.Release|Any CPU.ActiveCfg = Release|Any CPU
		{A1C12DEF-383D-43C0-B43E-398101F2803C}.Release|Any CPU.Build.0 = Release|Any CPU
	EndGlobalSection
	GlobalSection(SolutionProperties) = preSolution
		HideSolutionNode = FALSE
	EndGlobalSection
	GlobalSection(ExtensibilityGlobals) = postSolution
		SolutionGuid = {C01CC084-4F65-43C7-91E4-93C321707241}
	EndGlobalSection
EndGlobal
